
Microsoft Visual Studio Solution File, Format Version 12.00
# Visual Studio Version 16
VisualStudioVersion = 16.0.31515.178
MinimumVisualStudioVersion = 10.0.40219.1
Project("{9A19103F-16F7-4668-BE54-9A1E7A4F7556}") = "ClosedList", "ClosedList\ClosedList.csproj", "{4B5290CA-42FA-459F-A96D-E36C7941DC1A}"
EndProject
Project("{FAE04EC0-301F-11D3-BF4B-00C04F79EFBC}") = "CircleClosedList", "CircleClosedList\CircleClosedList.csproj", "{335E223F-A0EB-4601-B657-D3D3FC63B7B3}"
EndProject
Global
	GlobalSection(SolutionConfigurationPlatforms) = preSolution
		Debug|Any CPU = Debug|Any CPU
		Release|Any CPU = Release|Any CPU
	EndGlobalSection
	GlobalSection(ProjectConfigurationPlatforms) = postSolution
		{4B5290CA-42FA-459F-A96D-E36C7941DC1A}.Debug|Any CPU.ActiveCfg = Debug|Any CPU
		{4B5290CA-42FA-459F-A96D-E36C7941DC1A}.Debug|Any CPU.Build.0 = Debug|Any CPU
		{4B5290CA-42FA-459F-A96D-E36C7941DC1A}.Release|Any CPU.ActiveCfg = Release|Any CPU
		{4B5290CA-42FA-459F-A96D-E36C7941DC1A}.Release|Any CPU.Build.0 = Release|Any CPU
		{335E223F-A0EB-4601-B657-D3D3FC63B7B3}.Debug|Any CPU.ActiveCfg = Debug|Any CPU
		{335E223F-A0EB-4601-B657-D3D3FC63B7B3}.Debug|Any CPU.Build.0 = Debug|Any CPU
		{335E223F-A0EB-4601-B657-D3D3FC63B7B3}.Release|Any CPU.ActiveCfg = Release|Any CPU
		{335E223F-A0EB-4601-B657-D3D3FC63B7B3}.Release|Any CPU.Build.0 = Release|Any CPU
	EndGlobalSection
	GlobalSection(SolutionProperties) = preSolution
		HideSolutionNode = FALSE
	EndGlobalSection
	GlobalSection(ExtensibilityGlobals) = postSolution
		SolutionGuid = {A8DF77E7-E052-4D0A-AD3E-7B3D379D6F3A}
	EndGlobalSection
EndGlobal
